
Microsoft Visual Studio Solution File, Format Version 12.00
# Visual Studio Version 17
VisualStudioVersion = 17.13.35919.96 d17.13
MinimumVisualStudioVersion = 10.0.40219.1
Project("{00D1A9C2-B5F0-4AF3-8072-F6C62B433612}") = "Database1", "Database1\Database1.sqlproj", "{51B818EE-8DE1-4E03-A161-D2E5463733B4}"
EndProject
Project("{2150E333-8FDC-42A3-9474-1A3956D46DE8}") = "Solution Items", "Solution Items", "{8EC462FD-D22E-90A8-E5CE-7E832BA40C5D}"
	ProjectSection(SolutionItems) = preProject
		SqlQuery_2.sql = SqlQuery_2.sql
	EndProjectSection
EndProject
Global
	GlobalSection(SolutionConfigurationPlatforms) = preSolution
		Debug|Any CPU = Debug|Any CPU
		Release|Any CPU = Release|Any CPU
	EndGlobalSection
	GlobalSection(ProjectConfigurationPlatforms) = postSolution
		{51B818EE-8DE1-4E03-A161-D2E5463733B4}.Debug|Any CPU.ActiveCfg = Debug|Any CPU
		{51B818EE-8DE1-4E03-A161-D2E5463733B4}.Debug|Any CPU.Build.0 = Debug|Any CPU
		{51B818EE-8DE1-4E03-A161-D2E5463733B4}.Debug|Any CPU.Deploy.0 = Debug|Any CPU
		{51B818EE-8DE1-4E03-A161-D2E5463733B4}.Release|Any CPU.ActiveCfg = Release|Any CPU
		{51B818EE-8DE1-4E03-A161-D2E5463733B4}.Release|Any CPU.Build.0 = Release|Any CPU
		{51B818EE-8DE1-4E03-A161-D2E5463733B4}.Release|Any CPU.Deploy.0 = Release|Any CPU
	EndGlobalSection
	GlobalSection(SolutionProperties) = preSolution
		HideSolutionNode = FALSE
	EndGlobalSection
	GlobalSection(ExtensibilityGlobals) = postSolution
		SolutionGuid = {ACBB4013-DD63-4C23-9A6C-51537CB7994E}
	EndGlobalSection
EndGlobal
